
Microsoft Visual Studio Solution File, Format Version 12.00
# Visual Studio Version 16
VisualStudioVersion = 16.0.29503.13
MinimumVisualStudioVersion = 10.0.40219.1
Project("{FAE04EC0-301F-11D3-BF4B-00C04F79EFBC}") = "PersonalityQuiz.Android", "PersonalityQuiz\PersonalityQuiz.Android\PersonalityQuiz.Android.csproj", "{8C393517-7822-4062-9C03-ED23B937A587}"
EndProject
Project("{FAE04EC0-301F-11D3-BF4B-00C04F79EFBC}") = "PersonalityQuiz.iOS", "PersonalityQuiz\PersonalityQuiz.iOS\PersonalityQuiz.iOS.csproj", "{EDE6F2C5-9627-4E41-8D66-C832D3DF62A3}"
EndProject
Project("{FAE04EC0-301F-11D3-BF4B-00C04F79EFBC}") = "PersonalityQuiz", "PersonalityQuiz\PersonalityQuiz\PersonalityQuiz.csproj", "{34B75BE9-FF9A-47B1-9712-A286B0344799}"
EndProject
Global
	GlobalSection(SolutionConfigurationPlatforms) = preSolution
		Debug|Any CPU = Debug|Any CPU
		Debug|iPhone = Debug|iPhone
		Debug|iPhoneSimulator = Debug|iPhoneSimulator
		Release|Any CPU = Release|Any CPU
		Release|iPhone = Release|iPhone
		Release|iPhoneSimulator = Release|iPhoneSimulator
	EndGlobalSection
	GlobalSection(ProjectConfigurationPlatforms) = postSolution
		{8C393517-7822-4062-9C03-ED23B937A587}.Debug|Any CPU.ActiveCfg = Debug|Any CPU
		{8C393517-7822-4062-9C03-ED23B937A587}.Debug|Any CPU.Build.0 = Debug|Any CPU
		{8C393517-7822-4062-9C03-ED23B937A587}.Debug|Any CPU.Deploy.0 = Debug|Any CPU
		{8C393517-7822-4062-9C03-ED23B937A587}.Debug|iPhone.ActiveCfg = Debug|Any CPU
		{8C393517-7822-4062-9C03-ED23B937A587}.Debug|iPhone.Build.0 = Debug|Any CPU
		{8C393517-7822-4062-9C03-ED23B937A587}.Debug|iPhone.Deploy.0 = Debug|Any CPU
		{8C393517-7822-4062-9C03-ED23B937A587}.Debug|iPhoneSimulator.ActiveCfg = Debug|Any CPU
		{8C393517-7822-4062-9C03-ED23B937A587}.Debug|iPhoneSimulator.Build.0 = Debug|Any CPU
		{8C393517-7822-4062-9C03-ED23B937A587}.Debug|iPhoneSimulator.Deploy.0 = Debug|Any CPU
		{8C393517-7822-4062-9C03-ED23B937A587}.Release|Any CPU.ActiveCfg = Release|Any CPU
		{8C393517-7822-4062-9C03-ED23B937A587}.Release|Any CPU.Build.0 = Release|Any CPU
		{8C393517-7822-4062-9C03-ED23B937A587}.Release|Any CPU.Deploy.0 = Release|Any CPU
		{8C393517-7822-4062-9C03-ED23B937A587}.Release|iPhone.ActiveCfg = Release|Any CPU
		{8C393517-7822-4062-9C03-ED23B937A587}.Release|iPhone.Build.0 = Release|Any CPU
		{8C393517-7822-4062-9C03-ED23B937A587}.Release|iPhone.Deploy.0 = Release|Any CPU
		{8C393517-7822-4062-9C03-ED23B937A587}.Release|iPhoneSimulator.ActiveCfg = Release|Any CPU
		{8C393517-7822-4062-9C03-ED23B937A587}.Release|iPhoneSimulator.Build.0 = Release|Any CPU
		{8C393517-7822-4062-9C03-ED23B937A587}.Release|iPhoneSimulator.Deploy.0 = Release|Any CPU
		{EDE6F2C5-9627-4E41-8D66-C832D3DF62A3}.Debug|Any CPU.ActiveCfg = Debug|iPhoneSimulator
		{EDE6F2C5-9627-4E41-8D66-C832D3DF62A3}.Debug|Any CPU.Build.0 = Debug|iPhoneSimulator
		{EDE6F2C5-9627-4E41-8D66-C832D3DF62A3}.Debug|Any CPU.Deploy.0 = Debug|iPhoneSimulator
		{EDE6F2C5-9627-4E41-8D66-C832D3DF62A3}.Debug|iPhone.ActiveCfg = Debug|iPhone
		{EDE6F2C5-9627-4E41-8D66-C832D3DF62A3}.Debug|iPhone.Build.0 = Debug|iPhone
		{EDE6F2C5-9627-4E41-8D66-C832D3DF62A3}.Debug|iPhone.Deploy.0 = Debug|iPhone
		{EDE6F2C5-9627-4E41-8D66-C832D3DF62A3}.Debug|iPhoneSimulator.ActiveCfg = Debug|iPhoneSimulator
		{EDE6F2C5-9627-4E41-8D66-C832D3DF62A3}.Debug|iPhoneSimulator.Build.0 = Debug|iPhoneSimulator
		{EDE6F2C5-9627-4E41-8D66-C832D3DF62A3}.Debug|iPhoneSimulator.Deploy.0 = Debug|iPhoneSimulator
		{EDE6F2C5-9627-4E41-8D66-C832D3DF62A3}.Release|Any CPU.ActiveCfg = Release|iPhone
		{EDE6F2C5-9627-4E41-8D66-C832D3DF62A3}.Release|Any CPU.Build.0 = Release|iPhone
		{EDE6F2C5-9627-4E41-8D66-C832D3DF62A3}.Release|Any CPU.Deploy.0 = Release|iPhone
		{EDE6F2C5-9627-4E41-8D66-C832D3DF62A3}.Release|iPhone.ActiveCfg = Release|iPhone
		{EDE6F2C5-9627-4E41-8D66-C832D3DF62A3}.Release|iPhone.Build.0 = Release|iPhone
		{EDE6F2C5-9627-4E41-8D66-C832D3DF62A3}.Release|iPhone.Deploy.0 = Release|iPhone
		{EDE6F2C5-9627-4E41-8D66-C832D3DF62A3}.Release|iPhoneSimulator.ActiveCfg = Release|iPhoneSimulator
		{EDE6F2C5-9627-4E41-8D66-C832D3DF62A3}.Release|iPhoneSimulator.Build.0 = Release|iPhoneSimulator
		{EDE6F2C5-9627-4E41-8D66-C832D3DF62A3}.Release|iPhoneSimulator.Deploy.0 = Release|iPhoneSimulator
		{34B75BE9-FF9A-47B1-9712-A286B0344799}.Debug|Any CPU.ActiveCfg = Debug|Any CPU
		{34B75BE9-FF9A-47B1-9712-A286B0344799}.Debug|Any CPU.Build.0 = Debug|Any CPU
		{34B75BE9-FF9A-47B1-9712-A286B0344799}.Debug|Any CPU.Deploy.0 = Debug|Any CPU
		{34B75BE9-FF9A-47B1-9712-A286B0344799}.Debug|iPhone.ActiveCfg = Debug|Any CPU
		{34B75BE9-FF9A-47B1-9712-A286B0344799}.Debug|iPhone.Build.0 = Debug|Any CPU
		{34B75BE9-FF9A-47B1-9712-A286B0344799}.Debug|iPhone.Deploy.0 = Debug|Any CPU
		{34B75BE9-FF9A-47B1-9712-A286B0344799}.Debug|iPhoneSimulator.ActiveCfg = Debug|Any CPU
		{34B75BE9-FF9A-47B1-9712-A286B0344799}.Debug|iPhoneSimulator.Build.0 = Debug|Any CPU
		{34B75BE9-FF9A-47B1-9712-A286B0344799}.Debug|iPhoneSimulator.Deploy.0 = Debug|Any CPU
		{34B75BE9-FF9A-47B1-9712-A286B0344799}.Release|Any CPU.ActiveCfg = Release|Any CPU
		{34B75BE9-FF9A-47B1-9712-A286B0344799}.Release|Any CPU.Build.0 = Release|Any CPU
		{34B75BE9-FF9A-47B1-9712-A286B0344799}.Release|Any CPU.Deploy.0 = Release|Any CPU
		{34B75BE9-FF9A-47B1-9712-A286B0344799}.Release|iPhone.ActiveCfg = Release|Any CPU
		{34B75BE9-FF9A-47B1-9712-A286B0344799}.Release|iPhone.Build.0 = Release|Any CPU
		{34B75BE9-FF9A-47B1-9712-A286B0344799}.Release|iPhone.Deploy.0 = Release|Any CPU
		{34B75BE9-FF9A-47B1-9712-A286B0344799}.Release|iPhoneSimulator.ActiveCfg = Release|Any CPU
		{34B75BE9-FF9A-47B1-9712-A286B0344799}.Release|iPhoneSimulator.Build.0 = Release|Any CPU
		{34B75BE9-FF9A-47B1-9712-A286B0344799}.Release|iPhoneSimulator.Deploy.0 = Release|Any CPU
	EndGlobalSection
	GlobalSection(SolutionProperties) = preSolution
		HideSolutionNode = FALSE
	EndGlobalSection
	GlobalSection(ExtensibilityGlobals) = postSolution
		SolutionGuid = {9FC0AA73-A3BB-40C3-9269-AA716DF80F11}
	EndGlobalSection
EndGlobal
